
Microsoft Visual Studio Solution File, Format Version 12.00
# Visual Studio Version 16
VisualStudioVersion = 16.0.29509.3
MinimumVisualStudioVersion = 10.0.40219.1
Project("{FAE04EC0-301F-11D3-BF4B-00C04F79EFBC}") = "LogOutClassicWindow", "LogOutClassicWindow\LogOutClassicWindow.csproj", "{71467D24-7AC8-428D-95B9-077C97C4B341}"
EndProject
Global
	GlobalSection(SolutionConfigurationPlatforms) = preSolution
		Debug|Any CPU = Debug|Any CPU
		Release|Any CPU = Release|Any CPU
	EndGlobalSection
	GlobalSection(ProjectConfigurationPlatforms) = postSolution
		{71467D24-7AC8-428D-95B9-077C97C4B341}.Debug|Any CPU.ActiveCfg = Debug|Any CPU
		{71467D24-7AC8-428D-95B9-077C97C4B341}.Debug|Any CPU.Build.0 = Debug|Any CPU
		{71467D24-7AC8-428D-95B9-077C97C4B341}.Release|Any CPU.ActiveCfg = Release|Any CPU
		{71467D24-7AC8-428D-95B9-077C97C4B341}.Release|Any CPU.Build.0 = Release|Any CPU
	EndGlobalSection
	GlobalSection(SolutionProperties) = preSolution
		HideSolutionNode = FALSE
	EndGlobalSection
	GlobalSection(ExtensibilityGlobals) = postSolution
		SolutionGuid = {07CF196F-B06D-43E2-9325-C894E07B2091}
	EndGlobalSection
EndGlobal
